
Microsoft Visual Studio Solution File, Format Version 12.00
# Visual Studio 15
VisualStudioVersion = 15.0.28307.102
MinimumVisualStudioVersion = 10.0.40219.1
Project("{8BC9CEB8-8B4A-11D0-8D11-00A0C91BC942}") = "CTScan", "CTScan\CTScan.vcxproj", "{F5BD4800-1C31-4A42-9880-118FD55DB3B0}"
EndProject
Project("{8BC9CEB8-8B4A-11D0-8D11-00A0C91BC942}") = "PanelDll", "PanelDll\PanelDll.vcxproj", "{B12702AD-ABFB-343A-A199-8E24837244A3}"
EndProject
Project("{8BC9CEB8-8B4A-11D0-8D11-00A0C91BC942}") = "TcpServer", "TcpServer\TcpServer.vcxproj", "{65F114CF-C37C-49F4-95DA-2DB3182FB000}"
EndProject
Project("{8BC9CEB8-8B4A-11D0-8D11-00A0C91BC942}") = "TcpClient", "TcpClient\TcpClient.vcxproj", "{8AE2B55B-1283-487D-A0CC-A6B94671C567}"
EndProject
Project("{8BC9CEB8-8B4A-11D0-8D11-00A0C91BC942}") = "SerialPort", "SerialPort\SerialPort.vcxproj", "{8AB477CD-7C1C-486E-89EE-49088DA28BA3}"
EndProject
Project("{8BC9CEB8-8B4A-11D0-8D11-00A0C91BC942}") = "PanelImageProcess", "PanelImageProcess\PanelImageProcess.vcxproj", "{9498401C-3312-47E9-9240-457787383127}"
EndProject
Global
	GlobalSection(SolutionConfigurationPlatforms) = preSolution
		Debug|Win32 = Debug|Win32
		Debug|x64 = Debug|x64
		Debug|x86 = Debug|x86
		Release|Win32 = Release|Win32
		Release|x64 = Release|x64
		Release|x86 = Release|x86
	EndGlobalSection
	GlobalSection(ProjectConfigurationPlatforms) = postSolution
		{F5BD4800-1C31-4A42-9880-118FD55DB3B0}.Debug|Win32.ActiveCfg = Debug|x64
		{F5BD4800-1C31-4A42-9880-118FD55DB3B0}.Debug|x64.ActiveCfg = Debug|x64
		{F5BD4800-1C31-4A42-9880-118FD55DB3B0}.Debug|x64.Build.0 = Debug|x64
		{F5BD4800-1C31-4A42-9880-118FD55DB3B0}.Debug|x86.ActiveCfg = Debug|x64
		{F5BD4800-1C31-4A42-9880-118FD55DB3B0}.Release|Win32.ActiveCfg = Release|x64
		{F5BD4800-1C31-4A42-9880-118FD55DB3B0}.Release|x64.ActiveCfg = Release|x64
		{F5BD4800-1C31-4A42-9880-118FD55DB3B0}.Release|x64.Build.0 = Release|x64
		{F5BD4800-1C31-4A42-9880-118FD55DB3B0}.Release|x86.ActiveCfg = Release|x64
		{B12702AD-ABFB-343A-A199-8E24837244A3}.Debug|Win32.ActiveCfg = Debug|x64
		{B12702AD-ABFB-343A-A199-8E24837244A3}.Debug|Win32.Build.0 = Debug|x64
		{B12702AD-ABFB-343A-A199-8E24837244A3}.Debug|x64.ActiveCfg = Debug|x64
		{B12702AD-ABFB-343A-A199-8E24837244A3}.Debug|x64.Build.0 = Debug|x64
		{B12702AD-ABFB-343A-A199-8E24837244A3}.Debug|x86.ActiveCfg = Debug|Win32
		{B12702AD-ABFB-343A-A199-8E24837244A3}.Debug|x86.Build.0 = Debug|Win32
		{B12702AD-ABFB-343A-A199-8E24837244A3}.Release|Win32.ActiveCfg = Release|Win32
		{B12702AD-ABFB-343A-A199-8E24837244A3}.Release|Win32.Build.0 = Release|Win32
		{B12702AD-ABFB-343A-A199-8E24837244A3}.Release|x64.ActiveCfg = Release|x64
		{B12702AD-ABFB-343A-A199-8E24837244A3}.Release|x64.Build.0 = Release|x64
		{B12702AD-ABFB-343A-A199-8E24837244A3}.Release|x86.ActiveCfg = Release|Win32
		{B12702AD-ABFB-343A-A199-8E24837244A3}.Release|x86.Build.0 = Release|Win32
		{65F114CF-C37C-49F4-95DA-2DB3182FB000}.Debug|Win32.ActiveCfg = Debug|x64
		{65F114CF-C37C-49F4-95DA-2DB3182FB000}.Debug|x64.ActiveCfg = Debug|x64
		{65F114CF-C37C-49F4-95DA-2DB3182FB000}.Debug|x64.Build.0 = Debug|x64
		{65F114CF-C37C-49F4-95DA-2DB3182FB000}.Debug|x86.ActiveCfg = Debug|x64
		{65F114CF-C37C-49F4-95DA-2DB3182FB000}.Release|Win32.ActiveCfg = Release|x64
		{65F114CF-C37C-49F4-95DA-2DB3182FB000}.Release|x64.ActiveCfg = Release|x64
		{65F114CF-C37C-49F4-95DA-2DB3182FB000}.Release|x64.Build.0 = Release|x64
		{65F114CF-C37C-49F4-95DA-2DB3182FB000}.Release|x86.ActiveCfg = Release|x64
		{8AE2B55B-1283-487D-A0CC-A6B94671C567}.Debug|Win32.ActiveCfg = Debug|x64
		{8AE2B55B-1283-487D-A0CC-A6B94671C567}.Debug|x64.ActiveCfg = Debug|x64
		{8AE2B55B-1283-487D-A0CC-A6B94671C567}.Debug|x64.Build.0 = Debug|x64
		{8AE2B55B-1283-487D-A0CC-A6B94671C567}.Debug|x86.ActiveCfg = Debug|x64
		{8AE2B55B-1283-487D-A0CC-A6B94671C567}.Release|Win32.ActiveCfg = Release|x64
		{8AE2B55B-1283-487D-A0CC-A6B94671C567}.Release|x64.ActiveCfg = Release|x64
		{8AE2B55B-1283-487D-A0CC-A6B94671C567}.Release|x64.Build.0 = Release|x64
		{8AE2B55B-1283-487D-A0CC-A6B94671C567}.Release|x86.ActiveCfg = Release|x64
		{8AB477CD-7C1C-486E-89EE-49088DA28BA3}.Debug|Win32.ActiveCfg = Debug|x64
		{8AB477CD-7C1C-486E-89EE-49088DA28BA3}.Debug|x64.ActiveCfg = Debug|x64
		{8AB477CD-7C1C-486E-89EE-49088DA28BA3}.Debug|x64.Build.0 = Debug|x64
		{8AB477CD-7C1C-486E-89EE-49088DA28BA3}.Debug|x86.ActiveCfg = Debug|x64
		{8AB477CD-7C1C-486E-89EE-49088DA28BA3}.Release|Win32.ActiveCfg = Release|x64
		{8AB477CD-7C1C-486E-89EE-49088DA28BA3}.Release|x64.ActiveCfg = Release|x64
		{8AB477CD-7C1C-486E-89EE-49088DA28BA3}.Release|x64.Build.0 = Release|x64
		{8AB477CD-7C1C-486E-89EE-49088DA28BA3}.Release|x86.ActiveCfg = Release|x64
		{9498401C-3312-47E9-9240-457787383127}.Debug|Win32.ActiveCfg = Debug|x64
		{9498401C-3312-47E9-9240-457787383127}.Debug|x64.ActiveCfg = Debug|x64
		{9498401C-3312-47E9-9240-457787383127}.Debug|x64.Build.0 = Debug|x64
		{9498401C-3312-47E9-9240-457787383127}.Debug|x86.ActiveCfg = Debug|x64
		{9498401C-3312-47E9-9240-457787383127}.Release|Win32.ActiveCfg = Release|x64
		{9498401C-3312-47E9-9240-457787383127}.Release|x64.ActiveCfg = Release|x64
		{9498401C-3312-47E9-9240-457787383127}.Release|x64.Build.0 = Release|x64
		{9498401C-3312-47E9-9240-457787383127}.Release|x86.ActiveCfg = Release|x64
	EndGlobalSection
	GlobalSection(SolutionProperties) = preSolution
		HideSolutionNode = FALSE
	EndGlobalSection
	GlobalSection(ExtensibilityGlobals) = postSolution
		Qt5Version = msvc2017_64
		SolutionGuid = {3F25FC31-82ED-453D-9066-603636078347}
	EndGlobalSection
EndGlobal
